
Microsoft Visual Studio Solution File, Format Version 12.00
# Visual Studio 14
VisualStudioVersion = 14.0.25420.1
MinimumVisualStudioVersion = 10.0.40219.1
Project("{FAE04EC0-301F-11D3-BF4B-00C04F79EFBC}") = "Projekt", "Projekt\Projekt.csproj", "{227B0A1F-64DF-40F5-AD0C-54F1664532C4}"
EndProject
Global
	GlobalSection(SolutionConfigurationPlatforms) = preSolution
		Debug|Any CPU = Debug|Any CPU
		Release|Any CPU = Release|Any CPU
	EndGlobalSection
	GlobalSection(ProjectConfigurationPlatforms) = postSolution
		{227B0A1F-64DF-40F5-AD0C-54F1664532C4}.Debug|Any CPU.ActiveCfg = Debug|Any CPU
		{227B0A1F-64DF-40F5-AD0C-54F1664532C4}.Debug|Any CPU.Build.0 = Debug|Any CPU
		{227B0A1F-64DF-40F5-AD0C-54F1664532C4}.Release|Any CPU.ActiveCfg = Release|Any CPU
		{227B0A1F-64DF-40F5-AD0C-54F1664532C4}.Release|Any CPU.Build.0 = Release|Any CPU
	EndGlobalSection
	GlobalSection(SolutionProperties) = preSolution
		HideSolutionNode = FALSE
	EndGlobalSection
EndGlobal
